
Microsoft Visual Studio Solution File, Format Version 12.00
# Visual Studio Version 16
VisualStudioVersion = 16.0.30011.22
MinimumVisualStudioVersion = 10.0.40219.1
Project("{FAE04EC0-301F-11D3-BF4B-00C04F79EFBC}") = "WinformNETCore", "WinformNETCore\WinformNETCore.csproj", "{36F1464B-A8CB-4ED3-9D0C-43E41249DF79}"
EndProject
Global
	GlobalSection(SolutionConfigurationPlatforms) = preSolution
		Debug|Any CPU = Debug|Any CPU
		Release|Any CPU = Release|Any CPU
	EndGlobalSection
	GlobalSection(ProjectConfigurationPlatforms) = postSolution
		{36F1464B-A8CB-4ED3-9D0C-43E41249DF79}.Debug|Any CPU.ActiveCfg = Debug|Any CPU
		{36F1464B-A8CB-4ED3-9D0C-43E41249DF79}.Debug|Any CPU.Build.0 = Debug|Any CPU
		{36F1464B-A8CB-4ED3-9D0C-43E41249DF79}.Release|Any CPU.ActiveCfg = Release|Any CPU
		{36F1464B-A8CB-4ED3-9D0C-43E41249DF79}.Release|Any CPU.Build.0 = Release|Any CPU
	EndGlobalSection
	GlobalSection(SolutionProperties) = preSolution
		HideSolutionNode = FALSE
	EndGlobalSection
	GlobalSection(ExtensibilityGlobals) = postSolution
		SolutionGuid = {48D5D744-C0C9-419A-962A-DEBA6D8F1B65}
	EndGlobalSection
EndGlobal
